
Microsoft Visual Studio Solution File, Format Version 12.00
# Visual Studio Version 17
VisualStudioVersion = 17.11.35327.3
MinimumVisualStudioVersion = 10.0.40219.1
Project("{FAE04EC0-301F-11D3-BF4B-00C04F79EFBC}") = "ColorFun", "ColorFun\ColorFun.csproj", "{C6272C3E-ADE4-449F-BB03-0DC657B25B50}"
EndProject
Global
	GlobalSection(SolutionConfigurationPlatforms) = preSolution
		Debug|Any CPU = Debug|Any CPU
		Release|Any CPU = Release|Any CPU
	EndGlobalSection
	GlobalSection(ProjectConfigurationPlatforms) = postSolution
		{C6272C3E-ADE4-449F-BB03-0DC657B25B50}.Debug|Any CPU.ActiveCfg = Debug|Any CPU
		{C6272C3E-ADE4-449F-BB03-0DC657B25B50}.Debug|Any CPU.Build.0 = Debug|Any CPU
		{C6272C3E-ADE4-449F-BB03-0DC657B25B50}.Release|Any CPU.ActiveCfg = Release|Any CPU
		{C6272C3E-ADE4-449F-BB03-0DC657B25B50}.Release|Any CPU.Build.0 = Release|Any CPU
	EndGlobalSection
	GlobalSection(SolutionProperties) = preSolution
		HideSolutionNode = FALSE
	EndGlobalSection
	GlobalSection(ExtensibilityGlobals) = postSolution
		SolutionGuid = {D4EF306F-AC32-4F57-8D8E-DD8F5AFCF0DD}
	EndGlobalSection
EndGlobal
